
Microsoft Visual Studio Solution File, Format Version 12.00
# Visual Studio Version 16
VisualStudioVersion = 16.0.32106.194
MinimumVisualStudioVersion = 10.0.40219.1
Project("{8BC9CEB8-8B4A-11D0-8D11-00A0C91BC942}") = "20220308", "20220308\20220308.vcxproj", "{29BE78F5-F367-40A7-BAC5-F5B69DE25326}"
EndProject
Global
	GlobalSection(SolutionConfigurationPlatforms) = preSolution
		Debug|x64 = Debug|x64
		Debug|x86 = Debug|x86
		Release|x64 = Release|x64
		Release|x86 = Release|x86
	EndGlobalSection
	GlobalSection(ProjectConfigurationPlatforms) = postSolution
		{29BE78F5-F367-40A7-BAC5-F5B69DE25326}.Debug|x64.ActiveCfg = Debug|x64
		{29BE78F5-F367-40A7-BAC5-F5B69DE25326}.Debug|x64.Build.0 = Debug|x64
		{29BE78F5-F367-40A7-BAC5-F5B69DE25326}.Debug|x86.ActiveCfg = Debug|Win32
		{29BE78F5-F367-40A7-BAC5-F5B69DE25326}.Debug|x86.Build.0 = Debug|Win32
		{29BE78F5-F367-40A7-BAC5-F5B69DE25326}.Release|x64.ActiveCfg = Release|x64
		{29BE78F5-F367-40A7-BAC5-F5B69DE25326}.Release|x64.Build.0 = Release|x64
		{29BE78F5-F367-40A7-BAC5-F5B69DE25326}.Release|x86.ActiveCfg = Release|Win32
		{29BE78F5-F367-40A7-BAC5-F5B69DE25326}.Release|x86.Build.0 = Release|Win32
	EndGlobalSection
	GlobalSection(SolutionProperties) = preSolution
		HideSolutionNode = FALSE
	EndGlobalSection
	GlobalSection(ExtensibilityGlobals) = postSolution
		SolutionGuid = {877FE2CD-3BC6-4563-A367-E8D9EEBDB938}
	EndGlobalSection
EndGlobal
