
Microsoft Visual Studio Solution File, Format Version 12.00
# Visual Studio Version 16
VisualStudioVersion = 16.0.32002.261
MinimumVisualStudioVersion = 10.0.40219.1
Project("{8BC9CEB8-8B4A-11D0-8D11-00A0C91BC942}") = "20220207", "20220207\20220207.vcxproj", "{535826D8-DE2F-4A5E-8D0A-FD96F34AC928}"
EndProject
Global
	GlobalSection(SolutionConfigurationPlatforms) = preSolution
		Debug|x64 = Debug|x64
		Debug|x86 = Debug|x86
		Release|x64 = Release|x64
		Release|x86 = Release|x86
	EndGlobalSection
	GlobalSection(ProjectConfigurationPlatforms) = postSolution
		{535826D8-DE2F-4A5E-8D0A-FD96F34AC928}.Debug|x64.ActiveCfg = Debug|x64
		{535826D8-DE2F-4A5E-8D0A-FD96F34AC928}.Debug|x64.Build.0 = Debug|x64
		{535826D8-DE2F-4A5E-8D0A-FD96F34AC928}.Debug|x86.ActiveCfg = Debug|Win32
		{535826D8-DE2F-4A5E-8D0A-FD96F34AC928}.Debug|x86.Build.0 = Debug|Win32
		{535826D8-DE2F-4A5E-8D0A-FD96F34AC928}.Release|x64.ActiveCfg = Release|x64
		{535826D8-DE2F-4A5E-8D0A-FD96F34AC928}.Release|x64.Build.0 = Release|x64
		{535826D8-DE2F-4A5E-8D0A-FD96F34AC928}.Release|x86.ActiveCfg = Release|Win32
		{535826D8-DE2F-4A5E-8D0A-FD96F34AC928}.Release|x86.Build.0 = Release|Win32
	EndGlobalSection
	GlobalSection(SolutionProperties) = preSolution
		HideSolutionNode = FALSE
	EndGlobalSection
	GlobalSection(ExtensibilityGlobals) = postSolution
		SolutionGuid = {785161C3-907B-451C-8A79-0C98E0519737}
	EndGlobalSection
EndGlobal
