
Microsoft Visual Studio Solution File, Format Version 12.00
# Visual Studio Version 16
VisualStudioVersion = 16.0.32002.261
MinimumVisualStudioVersion = 10.0.40219.1
Project("{8BC9CEB8-8B4A-11D0-8D11-00A0C91BC942}") = "20220104", "20220104\20220104.vcxproj", "{A89D4CE1-1280-42A7-828B-C26D87D833E6}"
EndProject
Global
	GlobalSection(SolutionConfigurationPlatforms) = preSolution
		Debug|x64 = Debug|x64
		Debug|x86 = Debug|x86
		Release|x64 = Release|x64
		Release|x86 = Release|x86
	EndGlobalSection
	GlobalSection(ProjectConfigurationPlatforms) = postSolution
		{A89D4CE1-1280-42A7-828B-C26D87D833E6}.Debug|x64.ActiveCfg = Debug|x64
		{A89D4CE1-1280-42A7-828B-C26D87D833E6}.Debug|x64.Build.0 = Debug|x64
		{A89D4CE1-1280-42A7-828B-C26D87D833E6}.Debug|x86.ActiveCfg = Debug|Win32
		{A89D4CE1-1280-42A7-828B-C26D87D833E6}.Debug|x86.Build.0 = Debug|Win32
		{A89D4CE1-1280-42A7-828B-C26D87D833E6}.Release|x64.ActiveCfg = Release|x64
		{A89D4CE1-1280-42A7-828B-C26D87D833E6}.Release|x64.Build.0 = Release|x64
		{A89D4CE1-1280-42A7-828B-C26D87D833E6}.Release|x86.ActiveCfg = Release|Win32
		{A89D4CE1-1280-42A7-828B-C26D87D833E6}.Release|x86.Build.0 = Release|Win32
	EndGlobalSection
	GlobalSection(SolutionProperties) = preSolution
		HideSolutionNode = FALSE
	EndGlobalSection
	GlobalSection(ExtensibilityGlobals) = postSolution
		SolutionGuid = {AF2001F4-3D31-428F-B1E6-2E60E2E9725C}
	EndGlobalSection
EndGlobal
