
Microsoft Visual Studio Solution File, Format Version 12.00
# Visual Studio Version 16
VisualStudioVersion = 16.0.32002.261
MinimumVisualStudioVersion = 10.0.40219.1
Project("{8BC9CEB8-8B4A-11D0-8D11-00A0C91BC942}") = "20220113", "20220113\20220113.vcxproj", "{C75B88FA-6472-41B4-AE25-47A612E4FBFE}"
EndProject
Global
	GlobalSection(SolutionConfigurationPlatforms) = preSolution
		Debug|x64 = Debug|x64
		Debug|x86 = Debug|x86
		Release|x64 = Release|x64
		Release|x86 = Release|x86
	EndGlobalSection
	GlobalSection(ProjectConfigurationPlatforms) = postSolution
		{C75B88FA-6472-41B4-AE25-47A612E4FBFE}.Debug|x64.ActiveCfg = Debug|x64
		{C75B88FA-6472-41B4-AE25-47A612E4FBFE}.Debug|x64.Build.0 = Debug|x64
		{C75B88FA-6472-41B4-AE25-47A612E4FBFE}.Debug|x86.ActiveCfg = Debug|Win32
		{C75B88FA-6472-41B4-AE25-47A612E4FBFE}.Debug|x86.Build.0 = Debug|Win32
		{C75B88FA-6472-41B4-AE25-47A612E4FBFE}.Release|x64.ActiveCfg = Release|x64
		{C75B88FA-6472-41B4-AE25-47A612E4FBFE}.Release|x64.Build.0 = Release|x64
		{C75B88FA-6472-41B4-AE25-47A612E4FBFE}.Release|x86.ActiveCfg = Release|Win32
		{C75B88FA-6472-41B4-AE25-47A612E4FBFE}.Release|x86.Build.0 = Release|Win32
	EndGlobalSection
	GlobalSection(SolutionProperties) = preSolution
		HideSolutionNode = FALSE
	EndGlobalSection
	GlobalSection(ExtensibilityGlobals) = postSolution
		SolutionGuid = {551318AC-BE7C-4832-B972-23BCDEA0B5F6}
	EndGlobalSection
EndGlobal
