
Microsoft Visual Studio Solution File, Format Version 12.00
# Visual Studio Version 16
VisualStudioVersion = 16.0.32630.194
MinimumVisualStudioVersion = 10.0.40219.1
Project("{8BC9CEB8-8B4A-11D0-8D11-00A0C91BC942}") = "20220729", "20220729\20220729.vcxproj", "{3C84FA85-055B-4563-9E5A-BA873113DCA5}"
EndProject
Global
	GlobalSection(SolutionConfigurationPlatforms) = preSolution
		Debug|x64 = Debug|x64
		Debug|x86 = Debug|x86
		Release|x64 = Release|x64
		Release|x86 = Release|x86
	EndGlobalSection
	GlobalSection(ProjectConfigurationPlatforms) = postSolution
		{3C84FA85-055B-4563-9E5A-BA873113DCA5}.Debug|x64.ActiveCfg = Debug|x64
		{3C84FA85-055B-4563-9E5A-BA873113DCA5}.Debug|x64.Build.0 = Debug|x64
		{3C84FA85-055B-4563-9E5A-BA873113DCA5}.Debug|x86.ActiveCfg = Debug|Win32
		{3C84FA85-055B-4563-9E5A-BA873113DCA5}.Debug|x86.Build.0 = Debug|Win32
		{3C84FA85-055B-4563-9E5A-BA873113DCA5}.Release|x64.ActiveCfg = Release|x64
		{3C84FA85-055B-4563-9E5A-BA873113DCA5}.Release|x64.Build.0 = Release|x64
		{3C84FA85-055B-4563-9E5A-BA873113DCA5}.Release|x86.ActiveCfg = Release|Win32
		{3C84FA85-055B-4563-9E5A-BA873113DCA5}.Release|x86.Build.0 = Release|Win32
	EndGlobalSection
	GlobalSection(SolutionProperties) = preSolution
		HideSolutionNode = FALSE
	EndGlobalSection
	GlobalSection(ExtensibilityGlobals) = postSolution
		SolutionGuid = {5B1777C5-FD62-4ABC-844D-57C007F29F99}
	EndGlobalSection
EndGlobal
